Microsoft Visual Studio Solution File, Format Version 12.00
# Visual Studio Version 17
VisualStudioVersion = 17.5.2.0
MinimumVisualStudioVersion = 10.0.40219.1
Project("{FAE04EC0-301F-11D3-BF4B-00C04F79EFBC}") = "WebProject1", "WebProject1.csproj", "{93408F92-DD29-A5B2-E6E7-6BDBEA98EAFC}"
EndProject
Global
	GlobalSection(SolutionConfigurationPlatforms) = preSolution
		Debug|Any CPU = Debug|Any CPU
		Release|Any CPU = Release|Any CPU
	EndGlobalSection
	GlobalSection(ProjectConfigurationPlatforms) = postSolution
		{93408F92-DD29-A5B2-E6E7-6BDBEA98EAFC}.Debug|Any CPU.ActiveCfg = Debug|Any CPU
		{93408F92-DD29-A5B2-E6E7-6BDBEA98EAFC}.Debug|Any CPU.Build.0 = Debug|Any CPU
		{93408F92-DD29-A5B2-E6E7-6BDBEA98EAFC}.Release|Any CPU.ActiveCfg = Release|Any CPU
		{93408F92-DD29-A5B2-E6E7-6BDBEA98EAFC}.Release|Any CPU.Build.0 = Release|Any CPU
	EndGlobalSection
	GlobalSection(SolutionProperties) = preSolution
		HideSolutionNode = FALSE
	EndGlobalSection
	GlobalSection(ExtensibilityGlobals) = postSolution
		SolutionGuid = {E2E55563-E33B-47AC-8C3F-FB6F4875EE21}
	EndGlobalSection
EndGlobal
